
Microsoft Visual Studio Solution File, Format Version 12.00
# Visual Studio Version 17
VisualStudioVersion = 17.14.36915.13
MinimumVisualStudioVersion = 10.0.40219.1
Project("{2150E333-8FDC-42A3-9474-1A3956D46DE8}") = "Estudiantes", "Estudiantes", "{02EA681E-C7D8-13C7-8484-4AC65E1B71E8}"
EndProject
Project("{2150E333-8FDC-42A3-9474-1A3956D46DE8}") = "Profesores", "Profesores", "{174CFA16-29C2-4031-86CD-57368857095D}"
EndProject
Project("{2150E333-8FDC-42A3-9474-1A3956D46DE8}") = "Notas", "Notas", "{ED7F5281-55EC-40FC-B771-3CFF2029FAE5}"
EndProject
Project("{FAE04EC0-301F-11D3-BF4B-00C04F79EFBC}") = "Estudiantes.Domain", "SistemaGestionNotas.Estudiantes.Domain\Estudiantes.Domain.csproj", "{B502BC4B-3D6F-4989-A129-98B91EEB7FBA}"
EndProject
Project("{FAE04EC0-301F-11D3-BF4B-00C04F79EFBC}") = "Estudiantes.Application", "SistemaGestionNotas.Estudiantes.Application\Estudiantes.Application.csproj", "{375BD1F8-B6F3-4948-B36C-A15CDFAAFE5B}"
EndProject
Project("{FAE04EC0-301F-11D3-BF4B-00C04F79EFBC}") = "Estudiantes.Infrastructure", "SistemaGestionNotas.Estudiantes.Infrastructure\Estudiantes.Infrastructure.csproj", "{E4284209-116F-49AD-9E13-9BA13B05D89C}"
EndProject
Project("{FAE04EC0-301F-11D3-BF4B-00C04F79EFBC}") = "Estudiantes.API", "SistemaGestionNotas.Estudiantes.API\Estudiantes.API.csproj", "{4EF13CF6-529A-471B-9E4F-9C0664CECF1A}"
EndProject
Project("{FAE04EC0-301F-11D3-BF4B-00C04F79EFBC}") = "Estudiantes.Tests", "SistemaGestionNotas.Estudiantes.Tests\Estudiantes.Tests.csproj", "{69C5C9BF-A0EC-4ADA-A126-1E5AA5937B9F}"
EndProject
Project("{2150E333-8FDC-42A3-9474-1A3956D46DE8}") = "Usuarios", "Usuarios", "{4C3440B1-44A3-499C-9C4C-F0B186A794BF}"
EndProject
Project("{FAE04EC0-301F-11D3-BF4B-00C04F79EFBC}") = "Usuarios.API", "Usuarios.API\Usuarios.API.csproj", "{193759E1-AD91-40C7-AADB-416D95FF1A15}"
EndProject
Project("{FAE04EC0-301F-11D3-BF4B-00C04F79EFBC}") = "Usuarios.Application", "Usuarios.Application\Usuarios.Application.csproj", "{92900101-008C-40B7-BAB4-9A9E99DAFBB3}"
EndProject
Project("{FAE04EC0-301F-11D3-BF4B-00C04F79EFBC}") = "Usuarios.Domain", "Usuarios.Domain\Usuarios.Domain.csproj", "{FF02E792-D4A3-4659-98EF-1946AE7E7E3D}"
EndProject
Project("{FAE04EC0-301F-11D3-BF4B-00C04F79EFBC}") = "Usuarios.Infrastructure", "Usuarios.Infrastructure\Usuarios.Infrastructure.csproj", "{97D8A5BA-B396-499F-BA07-9C6F35208C50}"
EndProject
Project("{FAE04EC0-301F-11D3-BF4B-00C04F79EFBC}") = "Usuarios.Tests", "Usuarios.Tests\Usuarios.Tests.csproj", "{BABC68A0-41B2-4446-A3CC-B2AC9AE0733E}"
EndProject
Project("{FAE04EC0-301F-11D3-BF4B-00C04F79EFBC}") = "Profesores.Application", "Profesores.Application\Profesores.Application.csproj", "{6468D0B7-F026-4B0E-9782-3C019EB1D738}"
EndProject
Project("{FAE04EC0-301F-11D3-BF4B-00C04F79EFBC}") = "Profesores.Domain", "Profesores.Domain\Profesores.Domain.csproj", "{5C7F1C8B-D227-4562-871A-C0772602BE32}"
EndProject
Project("{FAE04EC0-301F-11D3-BF4B-00C04F79EFBC}") = "Profesores.Infrastructure", "Profesores.Infrastructure\Profesores.Infrastructure.csproj", "{26AFD2FC-1999-430A-B859-8EBCA7D6A6B6}"
EndProject
Project("{FAE04EC0-301F-11D3-BF4B-00C04F79EFBC}") = "Profesores.Test", "Profesores.Test\Profesores.Test.csproj", "{9B80899B-DCFA-4BD2-8788-86464524CD3A}"
EndProject
Project("{FAE04EC0-301F-11D3-BF4B-00C04F79EFBC}") = "Profesores.API", "Profesores.API\Profesores.API.csproj", "{15DCB16E-0C3F-4A74-BF15-2107FC7FD961}"
EndProject
Project("{FAE04EC0-301F-11D3-BF4B-00C04F79EFBC}") = "Notas.Application", "Notas.Application\Notas.Application.csproj", "{F80307C5-E6A5-4966-A1DD-2C183CC76E9F}"
EndProject
Project("{FAE04EC0-301F-11D3-BF4B-00C04F79EFBC}") = "Notas.Domain", "Notas.Domain\Notas.Domain.csproj", "{85DFA23F-BD9C-4A4C-99EC-757DC640198D}"
EndProject
Project("{FAE04EC0-301F-11D3-BF4B-00C04F79EFBC}") = "Notas.Infraestructure", "Notas.Infraestructure\Notas.Infraestructure.csproj", "{86F0BEFA-7083-48EC-83A4-6E09768BECDC}"
EndProject
Project("{FAE04EC0-301F-11D3-BF4B-00C04F79EFBC}") = "Notas.API", "Notas.API\Notas.API.csproj", "{F5D931C9-786B-41FE-8E29-85CED74F3D27}"
EndProject
Project("{FAE04EC0-301F-11D3-BF4B-00C04F79EFBC}") = "Notas.Tests", "Notas.Tests\Notas.Tests.csproj", "{41B4A3D5-5388-4F47-87FE-C1BEA498A05E}"
EndProject
Global
	GlobalSection(SolutionConfigurationPlatforms) = preSolution
		Debug|Any CPU = Debug|Any CPU
		Release|Any CPU = Release|Any CPU
	EndGlobalSection
	GlobalSection(ProjectConfigurationPlatforms) = postSolution
		{B502BC4B-3D6F-4989-A129-98B91EEB7FBA}.Debug|Any CPU.ActiveCfg = Debug|Any CPU
		{B502BC4B-3D6F-4989-A129-98B91EEB7FBA}.Debug|Any CPU.Build.0 = Debug|Any CPU
		{B502BC4B-3D6F-4989-A129-98B91EEB7FBA}.Release|Any CPU.ActiveCfg = Release|Any CPU
		{B502BC4B-3D6F-4989-A129-98B91EEB7FBA}.Release|Any CPU.Build.0 = Release|Any CPU
		{375BD1F8-B6F3-4948-B36C-A15CDFAAFE5B}.Debug|Any CPU.ActiveCfg = Debug|Any CPU
		{375BD1F8-B6F3-4948-B36C-A15CDFAAFE5B}.Debug|Any CPU.Build.0 = Debug|Any CPU
		{375BD1F8-B6F3-4948-B36C-A15CDFAAFE5B}.Release|Any CPU.ActiveCfg = Release|Any CPU
		{375BD1F8-B6F3-4948-B36C-A15CDFAAFE5B}.Release|Any CPU.Build.0 = Release|Any CPU
		{E4284209-116F-49AD-9E13-9BA13B05D89C}.Debug|Any CPU.ActiveCfg = Debug|Any CPU
		{E4284209-116F-49AD-9E13-9BA13B05D89C}.Debug|Any CPU.Build.0 = Debug|Any CPU
		{E4284209-116F-49AD-9E13-9BA13B05D89C}.Release|Any CPU.ActiveCfg = Release|Any CPU
		{E4284209-116F-49AD-9E13-9BA13B05D89C}.Release|Any CPU.Build.0 = Release|Any CPU
		{4EF13CF6-529A-471B-9E4F-9C0664CECF1A}.Debug|Any CPU.ActiveCfg = Debug|Any CPU
		{4EF13CF6-529A-471B-9E4F-9C0664CECF1A}.Debug|Any CPU.Build.0 = Debug|Any CPU
		{4EF13CF6-529A-471B-9E4F-9C0664CECF1A}.Release|Any CPU.ActiveCfg = Release|Any CPU
		{4EF13CF6-529A-471B-9E4F-9C0664CECF1A}.Release|Any CPU.Build.0 = Release|Any CPU
		{69C5C9BF-A0EC-4ADA-A126-1E5AA5937B9F}.Debug|Any CPU.ActiveCfg = Debug|Any CPU
		{69C5C9BF-A0EC-4ADA-A126-1E5AA5937B9F}.Debug|Any CPU.Build.0 = Debug|Any CPU
		{69C5C9BF-A0EC-4ADA-A126-1E5AA5937B9F}.Release|Any CPU.ActiveCfg = Release|Any CPU
		{69C5C9BF-A0EC-4ADA-A126-1E5AA5937B9F}.Release|Any CPU.Build.0 = Release|Any CPU
		{193759E1-AD91-40C7-AADB-416D95FF1A15}.Debug|Any CPU.ActiveCfg = Debug|Any CPU
		{193759E1-AD91-40C7-AADB-416D95FF1A15}.Debug|Any CPU.Build.0 = Debug|Any CPU
		{193759E1-AD91-40C7-AADB-416D95FF1A15}.Release|Any CPU.ActiveCfg = Release|Any CPU
		{193759E1-AD91-40C7-AADB-416D95FF1A15}.Release|Any CPU.Build.0 = Release|Any CPU
		{92900101-008C-40B7-BAB4-9A9E99DAFBB3}.Debug|Any CPU.ActiveCfg = Debug|Any CPU
		{92900101-008C-40B7-BAB4-9A9E99DAFBB3}.Debug|Any CPU.Build.0 = Debug|Any CPU
		{92900101-008C-40B7-BAB4-9A9E99DAFBB3}.Release|Any CPU.ActiveCfg = Release|Any CPU
		{92900101-008C-40B7-BAB4-9A9E99DAFBB3}.Release|Any CPU.Build.0 = Release|Any CPU
		{FF02E792-D4A3-4659-98EF-1946AE7E7E3D}.Debug|Any CPU.ActiveCfg = Debug|Any CPU
		{FF02E792-D4A3-4659-98EF-1946AE7E7E3D}.Debug|Any CPU.Build.0 = Debug|Any CPU
		{FF02E792-D4A3-4659-98EF-1946AE7E7E3D}.Release|Any CPU.ActiveCfg = Release|Any CPU
		{FF02E792-D4A3-4659-98EF-1946AE7E7E3D}.Release|Any CPU.Build.0 = Release|Any CPU
		{97D8A5BA-B396-499F-BA07-9C6F35208C50}.Debug|Any CPU.ActiveCfg = Debug|Any CPU
		{97D8A5BA-B396-499F-BA07-9C6F35208C50}.Debug|Any CPU.Build.0 = Debug|Any CPU
		{97D8A5BA-B396-499F-BA07-9C6F35208C50}.Release|Any CPU.ActiveCfg = Release|Any CPU
		{97D8A5BA-B396-499F-BA07-9C6F35208C50}.Release|Any CPU.Build.0 = Release|Any CPU
		{BABC68A0-41B2-4446-A3CC-B2AC9AE0733E}.Debug|Any CPU.ActiveCfg = Debug|Any CPU
		{BABC68A0-41B2-4446-A3CC-B2AC9AE0733E}.Debug|Any CPU.Build.0 = Debug|Any CPU
		{BABC68A0-41B2-4446-A3CC-B2AC9AE0733E}.Release|Any CPU.ActiveCfg = Release|Any CPU
		{BABC68A0-41B2-4446-A3CC-B2AC9AE0733E}.Release|Any CPU.Build.0 = Release|Any CPU
		{6468D0B7-F026-4B0E-9782-3C019EB1D738}.Debug|Any CPU.ActiveCfg = Debug|Any CPU
		{6468D0B7-F026-4B0E-9782-3C019EB1D738}.Debug|Any CPU.Build.0 = Debug|Any CPU
		{6468D0B7-F026-4B0E-9782-3C019EB1D738}.Release|Any CPU.ActiveCfg = Release|Any CPU
		{6468D0B7-F026-4B0E-9782-3C019EB1D738}.Release|Any CPU.Build.0 = Release|Any CPU
		{5C7F1C8B-D227-4562-871A-C0772602BE32}.Debug|Any CPU.ActiveCfg = Debug|Any CPU
		{5C7F1C8B-D227-4562-871A-C0772602BE32}.Debug|Any CPU.Build.0 = Debug|Any CPU
		{5C7F1C8B-D227-4562-871A-C0772602BE32}.Release|Any CPU.ActiveCfg = Release|Any CPU
		{5C7F1C8B-D227-4562-871A-C0772602BE32}.Release|Any CPU.Build.0 = Release|Any CPU
		{26AFD2FC-1999-430A-B859-8EBCA7D6A6B6}.Debug|Any CPU.ActiveCfg = Debug|Any CPU
		{26AFD2FC-1999-430A-B859-8EBCA7D6A6B6}.Debug|Any CPU.Build.0 = Debug|Any CPU
		{26AFD2FC-1999-430A-B859-8EBCA7D6A6B6}.Release|Any CPU.ActiveCfg = Release|Any CPU
		{26AFD2FC-1999-430A-B859-8EBCA7D6A6B6}.Release|Any CPU.Build.0 = Release|Any CPU
		{9B80899B-DCFA-4BD2-8788-86464524CD3A}.Debug|Any CPU.ActiveCfg = Debug|Any CPU
		{9B80899B-DCFA-4BD2-8788-86464524CD3A}.Debug|Any CPU.Build.0 = Debug|Any CPU
		{9B80899B-DCFA-4BD2-8788-86464524CD3A}.Release|Any CPU.ActiveCfg = Release|Any CPU
		{9B80899B-DCFA-4BD2-8788-86464524CD3A}.Release|Any CPU.Build.0 = Release|Any CPU
		{15DCB16E-0C3F-4A74-BF15-2107FC7FD961}.Debug|Any CPU.ActiveCfg = Debug|Any CPU
		{15DCB16E-0C3F-4A74-BF15-2107FC7FD961}.Debug|Any CPU.Build.0 = Debug|Any CPU
		{15DCB16E-0C3F-4A74-BF15-2107FC7FD961}.Release|Any CPU.ActiveCfg = Release|Any CPU
		{15DCB16E-0C3F-4A74-BF15-2107FC7FD961}.Release|Any CPU.Build.0 = Release|Any CPU
		{F80307C5-E6A5-4966-A1DD-2C183CC76E9F}.Debug|Any CPU.ActiveCfg = Debug|Any CPU
		{F80307C5-E6A5-4966-A1DD-2C183CC76E9F}.Debug|Any CPU.Build.0 = Debug|Any CPU
		{F80307C5-E6A5-4966-A1DD-2C183CC76E9F}.Release|Any CPU.ActiveCfg = Release|Any CPU
		{F80307C5-E6A5-4966-A1DD-2C183CC76E9F}.Release|Any CPU.Build.0 = Release|Any CPU
		{85DFA23F-BD9C-4A4C-99EC-757DC640198D}.Debug|Any CPU.ActiveCfg = Debug|Any CPU
		{85DFA23F-BD9C-4A4C-99EC-757DC640198D}.Debug|Any CPU.Build.0 = Debug|Any CPU
		{85DFA23F-BD9C-4A4C-99EC-757DC640198D}.Release|Any CPU.ActiveCfg = Release|Any CPU
		{85DFA23F-BD9C-4A4C-99EC-757DC640198D}.Release|Any CPU.Build.0 = Release|Any CPU
		{86F0BEFA-7083-48EC-83A4-6E09768BECDC}.Debug|Any CPU.ActiveCfg = Debug|Any CPU
		{86F0BEFA-7083-48EC-83A4-6E09768BECDC}.Debug|Any CPU.Build.0 = Debug|Any CPU
		{86F0BEFA-7083-48EC-83A4-6E09768BECDC}.Release|Any CPU.ActiveCfg = Release|Any CPU
		{86F0BEFA-7083-48EC-83A4-6E09768BECDC}.Release|Any CPU.Build.0 = Release|Any CPU
		{F5D931C9-786B-41FE-8E29-85CED74F3D27}.Debug|Any CPU.ActiveCfg = Debug|Any CPU
		{F5D931C9-786B-41FE-8E29-85CED74F3D27}.Debug|Any CPU.Build.0 = Debug|Any CPU
		{F5D931C9-786B-41FE-8E29-85CED74F3D27}.Release|Any CPU.ActiveCfg = Release|Any CPU
		{F5D931C9-786B-41FE-8E29-85CED74F3D27}.Release|Any CPU.Build.0 = Release|Any CPU
		{41B4A3D5-5388-4F47-87FE-C1BEA498A05E}.Debug|Any CPU.ActiveCfg = Debug|Any CPU
		{41B4A3D5-5388-4F47-87FE-C1BEA498A05E}.Debug|Any CPU.Build.0 = Debug|Any CPU
		{41B4A3D5-5388-4F47-87FE-C1BEA498A05E}.Release|Any CPU.ActiveCfg = Release|Any CPU
		{41B4A3D5-5388-4F47-87FE-C1BEA498A05E}.Release|Any CPU.Build.0 = Release|Any CPU
	EndGlobalSection
	GlobalSection(SolutionProperties) = preSolution
		HideSolutionNode = FALSE
	EndGlobalSection
	GlobalSection(NestedProjects) = preSolution
		{B502BC4B-3D6F-4989-A129-98B91EEB7FBA} = {02EA681E-C7D8-13C7-8484-4AC65E1B71E8}
		{375BD1F8-B6F3-4948-B36C-A15CDFAAFE5B} = {02EA681E-C7D8-13C7-8484-4AC65E1B71E8}
		{E4284209-116F-49AD-9E13-9BA13B05D89C} = {02EA681E-C7D8-13C7-8484-4AC65E1B71E8}
		{4EF13CF6-529A-471B-9E4F-9C0664CECF1A} = {02EA681E-C7D8-13C7-8484-4AC65E1B71E8}
		{69C5C9BF-A0EC-4ADA-A126-1E5AA5937B9F} = {02EA681E-C7D8-13C7-8484-4AC65E1B71E8}
		{193759E1-AD91-40C7-AADB-416D95FF1A15} = {4C3440B1-44A3-499C-9C4C-F0B186A794BF}
		{92900101-008C-40B7-BAB4-9A9E99DAFBB3} = {4C3440B1-44A3-499C-9C4C-F0B186A794BF}
		{FF02E792-D4A3-4659-98EF-1946AE7E7E3D} = {4C3440B1-44A3-499C-9C4C-F0B186A794BF}
		{97D8A5BA-B396-499F-BA07-9C6F35208C50} = {4C3440B1-44A3-499C-9C4C-F0B186A794BF}
		{BABC68A0-41B2-4446-A3CC-B2AC9AE0733E} = {4C3440B1-44A3-499C-9C4C-F0B186A794BF}
		{6468D0B7-F026-4B0E-9782-3C019EB1D738} = {174CFA16-29C2-4031-86CD-57368857095D}
		{5C7F1C8B-D227-4562-871A-C0772602BE32} = {174CFA16-29C2-4031-86CD-57368857095D}
		{26AFD2FC-1999-430A-B859-8EBCA7D6A6B6} = {174CFA16-29C2-4031-86CD-57368857095D}
		{9B80899B-DCFA-4BD2-8788-86464524CD3A} = {174CFA16-29C2-4031-86CD-57368857095D}
		{15DCB16E-0C3F-4A74-BF15-2107FC7FD961} = {174CFA16-29C2-4031-86CD-57368857095D}
		{F80307C5-E6A5-4966-A1DD-2C183CC76E9F} = {ED7F5281-55EC-40FC-B771-3CFF2029FAE5}
		{85DFA23F-BD9C-4A4C-99EC-757DC640198D} = {ED7F5281-55EC-40FC-B771-3CFF2029FAE5}
		{86F0BEFA-7083-48EC-83A4-6E09768BECDC} = {ED7F5281-55EC-40FC-B771-3CFF2029FAE5}
		{F5D931C9-786B-41FE-8E29-85CED74F3D27} = {ED7F5281-55EC-40FC-B771-3CFF2029FAE5}
		{41B4A3D5-5388-4F47-87FE-C1BEA498A05E} = {ED7F5281-55EC-40FC-B771-3CFF2029FAE5}
	EndGlobalSection
	GlobalSection(ExtensibilityGlobals) = postSolution
		SolutionGuid = {F4B85220-A184-4976-915F-5B747AC97C0C}
	EndGlobalSection
EndGlobal
