
Microsoft Visual Studio Solution File, Format Version 12.00
# Visual Studio Version 17
VisualStudioVersion = 17.14.36915.13
MinimumVisualStudioVersion = 10.0.40219.1
Project("{2150E333-8FDC-42A3-9474-1A3956D46DE8}") = "Estudiantes", "Estudiantes", "{02EA681E-C7D8-13C7-8484-4AC65E1B71E8}"
EndProject
Project("{2150E333-8FDC-42A3-9474-1A3956D46DE8}") = "Profesores", "Profesores", "{174CFA16-29C2-4031-86CD-57368857095D}"
EndProject
Project("{2150E333-8FDC-42A3-9474-1A3956D46DE8}") = "Notas", "Notas", "{ED7F5281-55EC-40FC-B771-3CFF2029FAE5}"
EndProject
Project("{FAE04EC0-301F-11D3-BF4B-00C04F79EFBC}") = "Estudiantes.Domain", "SistemaGestionNotas.Estudiantes.Domain\Estudiantes.Domain.csproj", "{B502BC4B-3D6F-4989-A129-98B91EEB7FBA}"
EndProject
Project("{FAE04EC0-301F-11D3-BF4B-00C04F79EFBC}") = "Estudiantes.Application", "SistemaGestionNotas.Estudiantes.Application\Estudiantes.Application.csproj", "{375BD1F8-B6F3-4948-B36C-A15CDFAAFE5B}"
EndProject
Project("{FAE04EC0-301F-11D3-BF4B-00C04F79EFBC}") = "Estudiantes.Infrastructure", "SistemaGestionNotas.Estudiantes.Infrastructure\Estudiantes.Infrastructure.csproj", "{E4284209-116F-49AD-9E13-9BA13B05D89C}"
EndProject
Project("{FAE04EC0-301F-11D3-BF4B-00C04F79EFBC}") = "Estudiantes.API", "SistemaGestionNotas.Estudiantes.API\Estudiantes.API.csproj", "{4EF13CF6-529A-471B-9E4F-9C0664CECF1A}"
EndProject
Project("{FAE04EC0-301F-11D3-BF4B-00C04F79EFBC}") = "Estudiantes.Tests", "SistemaGestionNotas.Estudiantes.Tests\Estudiantes.Tests.csproj", "{69C5C9BF-A0EC-4ADA-A126-1E5AA5937B9F}"
EndProject
Project("{2150E333-8FDC-42A3-9474-1A3956D46DE8}") = "Usuarios", "Usuarios", "{4C3440B1-44A3-499C-9C4C-F0B186A794BF}"
EndProject
Project("{FAE04EC0-301F-11D3-BF4B-00C04F79EFBC}") = "Usuarios.API", "Usuarios.API\Usuarios.API.csproj", "{193759E1-AD91-40C7-AADB-416D95FF1A15}"
EndProject
Project("{FAE04EC0-301F-11D3-BF4B-00C04F79EFBC}") = "Usuarios.Application", "Usuarios.Application\Usuarios.Application.csproj", "{92900101-008C-40B7-BAB4-9A9E99DAFBB3}"
EndProject
Project("{FAE04EC0-301F-11D3-BF4B-00C04F79EFBC}") = "Usuarios.Domain", "Usuarios.Domain\Usuarios.Domain.csproj", "{FF02E792-D4A3-4659-98EF-1946AE7E7E3D}"
EndProject
Project("{FAE04EC0-301F-11D3-BF4B-00C04F79EFBC}") = "Usuarios.Infrastructure", "Usuarios.Infrastructure\Usuarios.Infrastructure.csproj", "{97D8A5BA-B396-499F-BA07-9C6F35208C50}"
EndProject
Project("{FAE04EC0-301F-11D3-BF4B-00C04F79EFBC}") = "Usuarios.Tests", "Usuarios.Tests\Usuarios.Tests.csproj", "{BABC68A0-41B2-4446-A3CC-B2AC9AE0733E}"
EndProject
Global
	GlobalSection(SolutionConfigurationPlatforms) = preSolution
		Debug|Any CPU = Debug|Any CPU
		Release|Any CPU = Release|Any CPU
	EndGlobalSection
	GlobalSection(ProjectConfigurationPlatforms) = postSolution
		{B502BC4B-3D6F-4989-A129-98B91EEB7FBA}.Debug|Any CPU.ActiveCfg = Debug|Any CPU
		{B502BC4B-3D6F-4989-A129-98B91EEB7FBA}.Debug|Any CPU.Build.0 = Debug|Any CPU
		{B502BC4B-3D6F-4989-A129-98B91EEB7FBA}.Release|Any CPU.ActiveCfg = Release|Any CPU
		{B502BC4B-3D6F-4989-A129-98B91EEB7FBA}.Release|Any CPU.Build.0 = Release|Any CPU
		{375BD1F8-B6F3-4948-B36C-A15CDFAAFE5B}.Debug|Any CPU.ActiveCfg = Debug|Any CPU
		{375BD1F8-B6F3-4948-B36C-A15CDFAAFE5B}.Debug|Any CPU.Build.0 = Debug|Any CPU
		{375BD1F8-B6F3-4948-B36C-A15CDFAAFE5B}.Release|Any CPU.ActiveCfg = Release|Any CPU
		{375BD1F8-B6F3-4948-B36C-A15CDFAAFE5B}.Release|Any CPU.Build.0 = Release|Any CPU
		{E4284209-116F-49AD-9E13-9BA13B05D89C}.Debug|Any CPU.ActiveCfg = Debug|Any CPU
		{E4284209-116F-49AD-9E13-9BA13B05D89C}.Debug|Any CPU.Build.0 = Debug|Any CPU
		{E4284209-116F-49AD-9E13-9BA13B05D89C}.Release|Any CPU.ActiveCfg = Release|Any CPU
		{E4284209-116F-49AD-9E13-9BA13B05D89C}.Release|Any CPU.Build.0 = Release|Any CPU
		{4EF13CF6-529A-471B-9E4F-9C0664CECF1A}.Debug|Any CPU.ActiveCfg = Debug|Any CPU
		{4EF13CF6-529A-471B-9E4F-9C0664CECF1A}.Debug|Any CPU.Build.0 = Debug|Any CPU
		{4EF13CF6-529A-471B-9E4F-9C0664CECF1A}.Release|Any CPU.ActiveCfg = Release|Any CPU
		{4EF13CF6-529A-471B-9E4F-9C0664CECF1A}.Release|Any CPU.Build.0 = Release|Any CPU
		{69C5C9BF-A0EC-4ADA-A126-1E5AA5937B9F}.Debug|Any CPU.ActiveCfg = Debug|Any CPU
		{69C5C9BF-A0EC-4ADA-A126-1E5AA5937B9F}.Debug|Any CPU.Build.0 = Debug|Any CPU
		{69C5C9BF-A0EC-4ADA-A126-1E5AA5937B9F}.Release|Any CPU.ActiveCfg = Release|Any CPU
		{69C5C9BF-A0EC-4ADA-A126-1E5AA5937B9F}.Release|Any CPU.Build.0 = Release|Any CPU
		{193759E1-AD91-40C7-AADB-416D95FF1A15}.Debug|Any CPU.ActiveCfg = Debug|Any CPU
		{193759E1-AD91-40C7-AADB-416D95FF1A15}.Debug|Any CPU.Build.0 = Debug|Any CPU
		{193759E1-AD91-40C7-AADB-416D95FF1A15}.Release|Any CPU.ActiveCfg = Release|Any CPU
		{193759E1-AD91-40C7-AADB-416D95FF1A15}.Release|Any CPU.Build.0 = Release|Any CPU
		{92900101-008C-40B7-BAB4-9A9E99DAFBB3}.Debug|Any CPU.ActiveCfg = Debug|Any CPU
		{92900101-008C-40B7-BAB4-9A9E99DAFBB3}.Debug|Any CPU.Build.0 = Debug|Any CPU
		{92900101-008C-40B7-BAB4-9A9E99DAFBB3}.Release|Any CPU.ActiveCfg = Release|Any CPU
		{92900101-008C-40B7-BAB4-9A9E99DAFBB3}.Release|Any CPU.Build.0 = Release|Any CPU
		{FF02E792-D4A3-4659-98EF-1946AE7E7E3D}.Debug|Any CPU.ActiveCfg = Debug|Any CPU
		{FF02E792-D4A3-4659-98EF-1946AE7E7E3D}.Debug|Any CPU.Build.0 = Debug|Any CPU
		{FF02E792-D4A3-4659-98EF-1946AE7E7E3D}.Release|Any CPU.ActiveCfg = Release|Any CPU
		{FF02E792-D4A3-4659-98EF-1946AE7E7E3D}.Release|Any CPU.Build.0 = Release|Any CPU
		{97D8A5BA-B396-499F-BA07-9C6F35208C50}.Debug|Any CPU.ActiveCfg = Debug|Any CPU
		{97D8A5BA-B396-499F-BA07-9C6F35208C50}.Debug|Any CPU.Build.0 = Debug|Any CPU
		{97D8A5BA-B396-499F-BA07-9C6F35208C50}.Release|Any CPU.ActiveCfg = Release|Any CPU
		{97D8A5BA-B396-499F-BA07-9C6F35208C50}.Release|Any CPU.Build.0 = Release|Any CPU
		{BABC68A0-41B2-4446-A3CC-B2AC9AE0733E}.Debug|Any CPU.ActiveCfg = Debug|Any CPU
		{BABC68A0-41B2-4446-A3CC-B2AC9AE0733E}.Debug|Any CPU.Build.0 = Debug|Any CPU
		{BABC68A0-41B2-4446-A3CC-B2AC9AE0733E}.Release|Any CPU.ActiveCfg = Release|Any CPU
		{BABC68A0-41B2-4446-A3CC-B2AC9AE0733E}.Release|Any CPU.Build.0 = Release|Any CPU
	EndGlobalSection
	GlobalSection(SolutionProperties) = preSolution
		HideSolutionNode = FALSE
	EndGlobalSection
	GlobalSection(NestedProjects) = preSolution
		{B502BC4B-3D6F-4989-A129-98B91EEB7FBA} = {02EA681E-C7D8-13C7-8484-4AC65E1B71E8}
		{375BD1F8-B6F3-4948-B36C-A15CDFAAFE5B} = {02EA681E-C7D8-13C7-8484-4AC65E1B71E8}
		{E4284209-116F-49AD-9E13-9BA13B05D89C} = {02EA681E-C7D8-13C7-8484-4AC65E1B71E8}
		{4EF13CF6-529A-471B-9E4F-9C0664CECF1A} = {02EA681E-C7D8-13C7-8484-4AC65E1B71E8}
		{69C5C9BF-A0EC-4ADA-A126-1E5AA5937B9F} = {02EA681E-C7D8-13C7-8484-4AC65E1B71E8}
		{193759E1-AD91-40C7-AADB-416D95FF1A15} = {4C3440B1-44A3-499C-9C4C-F0B186A794BF}
		{92900101-008C-40B7-BAB4-9A9E99DAFBB3} = {4C3440B1-44A3-499C-9C4C-F0B186A794BF}
		{FF02E792-D4A3-4659-98EF-1946AE7E7E3D} = {4C3440B1-44A3-499C-9C4C-F0B186A794BF}
		{97D8A5BA-B396-499F-BA07-9C6F35208C50} = {4C3440B1-44A3-499C-9C4C-F0B186A794BF}
		{BABC68A0-41B2-4446-A3CC-B2AC9AE0733E} = {4C3440B1-44A3-499C-9C4C-F0B186A794BF}
	EndGlobalSection
	GlobalSection(ExtensibilityGlobals) = postSolution
		SolutionGuid = {F4B85220-A184-4976-915F-5B747AC97C0C}
	EndGlobalSection
EndGlobal
